// !$*UTF8*$!
{
	archiveVersion = 1;
	classes = {
	};
	objectVersion = 70;
	objects = {

/* Begin PBXBuildFile section */
		45A4DEA52CFAA47A00F27331 /* EmptyTableViewCell.xib in Resources */ = {isa = PBXBuildFile; fileRef = 45A4DE962CFAA47A00F27331 /* EmptyTableViewCell.xib */; };
		45A4DEA62CFAA47A00F27331 /* InitialTasks.storyboard in Resources */ = {isa = PBXBuildFile; fileRef = 45A4DE982CFAA47A00F27331 /* InitialTasks.storyboard */; };
		45A4DEA72CFAA47A00F27331 /* Assets.xcassets in Resources */ = {isa = PBXBuildFile; fileRef = 45A4DE9C2CFAA47A00F27331 /* Assets.xcassets */; };
		45A4DEA92CFAA47A00F27331 /* LaunchScreen.storyboard in Resources */ = {isa = PBXBuildFile; fileRef = 45A4DE9F2CFAA47A00F27331 /* LaunchScreen.storyboard */; };
		45A4DEAA2CFAA47A00F27331 /* Main.storyboard in Resources */ = {isa = PBXBuildFile; fileRef = 45A4DEA12CFAA47A00F27331 /* Main.storyboard */; };
		45A4DEAB2CFAA47A00F27331 /* ListTaskController.swift in Sources */ = {isa = PBXBuildFile; fileRef = 45A4DE8F2CFAA47A00F27331 /* ListTaskController.swift */; };
		45A4DEAC2CFAA47A00F27331 /* LoginController.swift in Sources */ = {isa = PBXBuildFile; fileRef = 45A4DE902CFAA47A00F27331 /* LoginController.swift */; };
		45A4DEAD2CFAA47A00F27331 /* ManagerTasksController.swift in Sources */ = {isa = PBXBuildFile; fileRef = 45A4DE912CFAA47A00F27331 /* ManagerTasksController.swift */; };
		45A4DEAE2CFAA47A00F27331 /* TaskTableViewCell.swift in Sources */ = {isa = PBXBuildFile; fileRef = 45A4DE942CFAA47A00F27331 /* TaskTableViewCell.swift */; };
		45A4DEAF2CFAA47A00F27331 /* EmptyTableViewCell.swift in Sources */ = {isa = PBXBuildFile; fileRef = 45A4DE952CFAA47A00F27331 /* EmptyTableViewCell.swift */; };
		45A4DEB02CFAA47A00F27331 /* AppDelegate.swift in Sources */ = {isa = PBXBuildFile; fileRef = 45A4DE9B2CFAA47A00F27331 /* AppDelegate.swift */; };
		45A4DEB12CFAA47A00F27331 /* SceneDelegate.swift in Sources */ = {isa = PBXBuildFile; fileRef = 45A4DEA22CFAA47A00F27331 /* SceneDelegate.swift */; };
		45A4DEB22CFAA47A00F27331 /* ViewController.swift in Sources */ = {isa = PBXBuildFile; fileRef = 45A4DEA32CFAA47A00F27331 /* ViewController.swift */; };
		45A4DEB52CFAA47E00F27331 /* AppToDoListTests.swift in Sources */ = {isa = PBXBuildFile; fileRef = 45A4DEB32CFAA47E00F27331 /* AppToDoListTests.swift */; };
		45A4DEB92CFAA48200F27331 /* AppToDoListUITests.swift in Sources */ = {isa = PBXBuildFile; fileRef = 45A4DEB62CFAA48200F27331 /* AppToDoListUITests.swift */; };
		45A4DEBA2CFAA48200F27331 /* AppToDoListUITestsLaunchTests.swift in Sources */ = {isa = PBXBuildFile; fileRef = 45A4DEB72CFAA48200F27331 /* AppToDoListUITestsLaunchTests.swift */; };
		45FD9E692CFAB01D00364FCD /* FSCalendar in Frameworks */ = {isa = PBXBuildFile; productRef = 45FD9E682CFAB01D00364FCD /* FSCalendar */; };
		45FD9E6E2CFCBAFA00364FCD /* Task.swift in Sources */ = {isa = PBXBuildFile; fileRef = 45FD9E6D2CFCBAFA00364FCD /* Task.swift */; };
/* End PBXBuildFile section */

/* Begin PBXContainerItemProxy section */
		45A69FB32CFA356900C2C083 /* PBXContainerItemProxy */ = {
			isa = PBXContainerItemProxy;
			containerPortal = 45A69F942CFA356700C2C083 /* Project object */;
			proxyType = 1;
			remoteGlobalIDString = 45A69F9B2CFA356700C2C083;
			remoteInfo = AppToDoList;
		};
		45A69FBD2CFA356900C2C083 /* PBXContainerItemProxy */ = {
			isa = PBXContainerItemProxy;
			containerPortal = 45A69F942CFA356700C2C083 /* Project object */;
			proxyType = 1;
			remoteGlobalIDString = 45A69F9B2CFA356700C2C083;
			remoteInfo = AppToDoList;
		};
/* End PBXContainerItemProxy section */

/* Begin PBXFileReference section */
		45A4DE8F2CFAA47A00F27331 /* ListTaskController.swift */ = {isa = PBXFileReference; lastKnownFileType = sourcecode.swift; path = ListTaskController.swift; sourceTree = "<group>"; };
		45A4DE902CFAA47A00F27331 /* LoginController.swift */ = {isa = PBXFileReference; lastKnownFileType = sourcecode.swift; path = LoginController.swift; sourceTree = "<group>"; };
		45A4DE912CFAA47A00F27331 /* ManagerTasksController.swift */ = {isa = PBXFileReference; lastKnownFileType = sourcecode.swift; path = ManagerTasksController.swift; sourceTree = "<group>"; };
		45A4DE942CFAA47A00F27331 /* TaskTableViewCell.swift */ = {isa = PBXFileReference; lastKnownFileType = sourcecode.swift; path = TaskTableViewCell.swift; sourceTree = "<group>"; };
		45A4DE952CFAA47A00F27331 /* EmptyTableViewCell.swift */ = {isa = PBXFileReference; lastKnownFileType = sourcecode.swift; path = EmptyTableViewCell.swift; sourceTree = "<group>"; };
		45A4DE962CFAA47A00F27331 /* EmptyTableViewCell.xib */ = {isa = PBXFileReference; lastKnownFileType = file.xib; path = EmptyTableViewCell.xib; sourceTree = "<group>"; };
		45A4DE982CFAA47A00F27331 /* InitialTasks.storyboard */ = {isa = PBXFileReference; lastKnownFileType = file.storyboard; path = InitialTasks.storyboard; sourceTree = "<group>"; };
		45A4DE9B2CFAA47A00F27331 /* AppDelegate.swift */ = {isa = PBXFileReference; lastKnownFileType = sourcecode.swift; path = AppDelegate.swift; sourceTree = "<group>"; };
		45A4DE9C2CFAA47A00F27331 /* Assets.xcassets */ = {isa = PBXFileReference; lastKnownFileType = folder.assetcatalog; path = Assets.xcassets; sourceTree = "<group>"; };
		45A4DE9D2CFAA47A00F27331 /* Info.plist */ = {isa = PBXFileReference; lastKnownFileType = text.plist.xml; path = Info.plist; sourceTree = "<group>"; };
		45A4DE9E2CFAA47A00F27331 /* Base */ = {isa = PBXFileReference; lastKnownFileType = file.storyboard; name = Base; path = Base.lproj/LaunchScreen.storyboard; sourceTree = "<group>"; };
		45A4DEA02CFAA47A00F27331 /* Base */ = {isa = PBXFileReference; lastKnownFileType = file.storyboard; name = Base; path = Base.lproj/Main.storyboard; sourceTree = "<group>"; };
		45A4DEA22CFAA47A00F27331 /* SceneDelegate.swift */ = {isa = PBXFileReference; lastKnownFileType = sourcecode.swift; path = SceneDelegate.swift; sourceTree = "<group>"; };
		45A4DEA32CFAA47A00F27331 /* ViewController.swift */ = {isa = PBXFileReference; lastKnownFileType = sourcecode.swift; path = ViewController.swift; sourceTree = "<group>"; };
		45A4DEB32CFAA47E00F27331 /* AppToDoListTests.swift */ = {isa = PBXFileReference; lastKnownFileType = sourcecode.swift; path = AppToDoListTests.swift; sourceTree = "<group>"; };
		45A4DEB62CFAA48200F27331 /* AppToDoListUITests.swift */ = {isa = PBXFileReference; lastKnownFileType = sourcecode.swift; path = AppToDoListUITests.swift; sourceTree = "<group>"; };
		45A4DEB72CFAA48200F27331 /* AppToDoListUITestsLaunchTests.swift */ = {isa = PBXFileReference; lastKnownFileType = sourcecode.swift; path = AppToDoListUITestsLaunchTests.swift; sourceTree = "<group>"; };
		45A69F9C2CFA356700C2C083 /* AppToDoList.app */ = {isa = PBXFileReference; explicitFileType = wrapper.application; includeInIndex = 0; path = AppToDoList.app; sourceTree = BUILT_PRODUCTS_DIR; };
		45A69FB22CFA356900C2C083 /* AppToDoListTests.xctest */ = {isa = PBXFileReference; explicitFileType = wrapper.cfbundle; includeInIndex = 0; path = AppToDoListTests.xctest; sourceTree = BUILT_PRODUCTS_DIR; };
		45A69FBC2CFA356900C2C083 /* AppToDoListUITests.xctest */ = {isa = PBXFileReference; explicitFileType = wrapper.cfbundle; includeInIndex = 0; path = AppToDoListUITests.xctest; sourceTree = BUILT_PRODUCTS_DIR; };
		45FD9E6D2CFCBAFA00364FCD /* Task.swift */ = {isa = PBXFileReference; lastKnownFileType = sourcecode.swift; path = Task.swift; sourceTree = "<group>"; };
/* End PBXFileReference section */

/* Begin PBXFileSystemSynchronizedRootGroup section */
		45A4DEBB2CFAA66E00F27331 /* Components */ = {isa = PBXFileSystemSynchronizedRootGroup; explicitFileTypes = {}; explicitFolders = (); path = Components; sourceTree = "<group>"; };
		45FD9E6A2CFCB19E00364FCD /* Extensions */ = {isa = PBXFileSystemSynchronizedRootGroup; explicitFileTypes = {}; explicitFolders = (); path = Extensions; sourceTree = "<group>"; };
		45FD9E6F2CFCBB8D00364FCD /* Suport */ = {isa = PBXFileSystemSynchronizedRootGroup; explicitFileTypes = {}; explicitFolders = (); path = Suport; sourceTree = "<group>"; };
/* End PBXFileSystemSynchronizedRootGroup section */

/* Begin PBXFrameworksBuildPhase section */
		45A69F992CFA356700C2C083 /* Frameworks */ = {
			isa = PBXFrameworksBuildPhase;
			buildActionMask = 2147483647;
			files = (
				45FD9E692CFAB01D00364FCD /* FSCalendar in Frameworks */,
			);
			runOnlyForDeploymentPostprocessing = 0;
		};
		45A69FAF2CFA356900C2C083 /* Frameworks */ = {
			isa = PBXFrameworksBuildPhase;
			buildActionMask = 2147483647;
			files = (
			);
			runOnlyForDeploymentPostprocessing = 0;
		};
		45A69FB92CFA356900C2C083 /* Frameworks */ = {
			isa = PBXFrameworksBuildPhase;
			buildActionMask = 2147483647;
			files = (
			);
			runOnlyForDeploymentPostprocessing = 0;
		};
/* End PBXFrameworksBuildPhase section */

/* Begin PBXGroup section */
		45A4DE922CFAA47A00F27331 /* Controller */ = {
			isa = PBXGroup;
			children = (
				45A4DE8F2CFAA47A00F27331 /* ListTaskController.swift */,
				45A4DE902CFAA47A00F27331 /* LoginController.swift */,
				45A4DE912CFAA47A00F27331 /* ManagerTasksController.swift */,
			);
			path = Controller;
			sourceTree = "<group>";
		};
		45A4DE932CFAA47A00F27331 /* Model */ = {
			isa = PBXGroup;
			children = (
				45FD9E6D2CFCBAFA00364FCD /* Task.swift */,
			);
			path = Model;
			sourceTree = "<group>";
		};
		45A4DE972CFAA47A00F27331 /* Cell */ = {
			isa = PBXGroup;
			children = (
				45A4DE942CFAA47A00F27331 /* TaskTableViewCell.swift */,
				45A4DE952CFAA47A00F27331 /* EmptyTableViewCell.swift */,
				45A4DE962CFAA47A00F27331 /* EmptyTableViewCell.xib */,
			);
			path = Cell;
			sourceTree = "<group>";
		};
		45A4DE992CFAA47A00F27331 /* View */ = {
			isa = PBXGroup;
			children = (
				45A4DE972CFAA47A00F27331 /* Cell */,
				45A4DE982CFAA47A00F27331 /* InitialTasks.storyboard */,
			);
			path = View;
			sourceTree = "<group>";
		};
		45A4DE9A2CFAA47A00F27331 /* Sources */ = {
			isa = PBXGroup;
			children = (
				45FD9E6F2CFCBB8D00364FCD /* Suport */,
				45FD9E6A2CFCB19E00364FCD /* Extensions */,
				45A4DEBB2CFAA66E00F27331 /* Components */,
				45A4DE922CFAA47A00F27331 /* Controller */,
				45A4DE932CFAA47A00F27331 /* Model */,
				45A4DE992CFAA47A00F27331 /* View */,
			);
			path = Sources;
			sourceTree = "<group>";
		};
		45A4DEA42CFAA47A00F27331 /* AppToDoList */ = {
			isa = PBXGroup;
			children = (
				45A4DE9A2CFAA47A00F27331 /* Sources */,
				45A4DE9B2CFAA47A00F27331 /* AppDelegate.swift */,
				45A4DE9C2CFAA47A00F27331 /* Assets.xcassets */,
				45A4DE9D2CFAA47A00F27331 /* Info.plist */,
				45A4DE9F2CFAA47A00F27331 /* LaunchScreen.storyboard */,
				45A4DEA12CFAA47A00F27331 /* Main.storyboard */,
				45A4DEA22CFAA47A00F27331 /* SceneDelegate.swift */,
				45A4DEA32CFAA47A00F27331 /* ViewController.swift */,
			);
			path = AppToDoList;
			sourceTree = "<group>";
		};
		45A4DEB42CFAA47E00F27331 /* AppToDoListTests */ = {
			isa = PBXGroup;
			children = (
				45A4DEB32CFAA47E00F27331 /* AppToDoListTests.swift */,
			);
			path = AppToDoListTests;
			sourceTree = "<group>";
		};
		45A4DEB82CFAA48200F27331 /* AppToDoListUITests */ = {
			isa = PBXGroup;
			children = (
				45A4DEB62CFAA48200F27331 /* AppToDoListUITests.swift */,
				45A4DEB72CFAA48200F27331 /* AppToDoListUITestsLaunchTests.swift */,
			);
			path = AppToDoListUITests;
			sourceTree = "<group>";
		};
		45A69F932CFA356700C2C083 = {
			isa = PBXGroup;
			children = (
				45A4DEA42CFAA47A00F27331 /* AppToDoList */,
				45A4DEB42CFAA47E00F27331 /* AppToDoListTests */,
				45A4DEB82CFAA48200F27331 /* AppToDoListUITests */,
				45FD9E672CFAB01D00364FCD /* Frameworks */,
				45A69F9D2CFA356700C2C083 /* Products */,
			);
			sourceTree = "<group>";
		};
		45A69F9D2CFA356700C2C083 /* Products */ = {
			isa = PBXGroup;
			children = (
				45A69F9C2CFA356700C2C083 /* AppToDoList.app */,
				45A69FB22CFA356900C2C083 /* AppToDoListTests.xctest */,
				45A69FBC2CFA356900C2C083 /* AppToDoListUITests.xctest */,
			);
			name = Products;
			sourceTree = "<group>";
		};
		45FD9E672CFAB01D00364FCD /* Frameworks */ = {
			isa = PBXGroup;
			children = (
			);
			name = Frameworks;
			sourceTree = "<group>";
		};
/* End PBXGroup section */

/* Begin PBXNativeTarget section */
		45A69F9B2CFA356700C2C083 /* AppToDoList */ = {
			isa = PBXNativeTarget;
			buildConfigurationList = 45A69FC52CFA356900C2C083 /* Build configuration list for PBXNativeTarget "AppToDoList" */;
			buildPhases = (
				45A69F982CFA356700C2C083 /* Sources */,
				45A69F992CFA356700C2C083 /* Frameworks */,
				45A69F9A2CFA356700C2C083 /* Resources */,
			);
			buildRules = (
			);
			dependencies = (
			);
			fileSystemSynchronizedGroups = (
				45A4DEBB2CFAA66E00F27331 /* Components */,
				45FD9E6A2CFCB19E00364FCD /* Extensions */,
				45FD9E6F2CFCBB8D00364FCD /* Suport */,
			);
			name = AppToDoList;
			productName = AppToDoList;
			productReference = 45A69F9C2CFA356700C2C083 /* AppToDoList.app */;
			productType = "com.apple.product-type.application";
		};
		45A69FB12CFA356900C2C083 /* AppToDoListTests */ = {
			isa = PBXNativeTarget;
			buildConfigurationList = 45A69FCA2CFA356900C2C083 /* Build configuration list for PBXNativeTarget "AppToDoListTests" */;
			buildPhases = (
				45A69FAE2CFA356900C2C083 /* Sources */,
				45A69FAF2CFA356900C2C083 /* Frameworks */,
				45A69FB02CFA356900C2C083 /* Resources */,
			);
			buildRules = (
			);
			dependencies = (
				45A69FB42CFA356900C2C083 /* PBXTargetDependency */,
			);
			name = AppToDoListTests;
			productName = AppToDoListTests;
			productReference = 45A69FB22CFA356900C2C083 /* AppToDoListTests.xctest */;
			productType = "com.apple.product-type.bundle.unit-test";
		};
		45A69FBB2CFA356900C2C083 /* AppToDoListUITests */ = {
			isa = PBXNativeTarget;
			buildConfigurationList = 45A69FCD2CFA356900C2C083 /* Build configuration list for PBXNativeTarget "AppToDoListUITests" */;
			buildPhases = (
				45A69FB82CFA356900C2C083 /* Sources */,
				45A69FB92CFA356900C2C083 /* Frameworks */,
				45A69FBA2CFA356900C2C083 /* Resources */,
			);
			buildRules = (
			);
			dependencies = (
				45A69FBE2CFA356900C2C083 /* PBXTargetDependency */,
			);
			name = AppToDoListUITests;
			productName = AppToDoListUITests;
			productReference = 45A69FBC2CFA356900C2C083 /* AppToDoListUITests.xctest */;
			productType = "com.apple.product-type.bundle.ui-testing";
		};
/* End PBXNativeTarget section */

/* Begin PBXProject section */
		45A69F942CFA356700C2C083 /* Project object */ = {
			isa = PBXProject;
			attributes = {
				BuildIndependentTargetsInParallel = 1;
				LastSwiftUpdateCheck = 1600;
				LastUpgradeCheck = 1600;
				TargetAttributes = {
					45A69F9B2CFA356700C2C083 = {
						CreatedOnToolsVersion = 16.0;
					};
					45A69FB12CFA356900C2C083 = {
						CreatedOnToolsVersion = 16.0;
						TestTargetID = 45A69F9B2CFA356700C2C083;
					};
					45A69FBB2CFA356900C2C083 = {
						CreatedOnToolsVersion = 16.0;
						TestTargetID = 45A69F9B2CFA356700C2C083;
					};
				};
			};
			buildConfigurationList = 45A69F972CFA356700C2C083 /* Build configuration list for PBXProject "AppToDoList" */;
			compatibilityVersion = "Xcode 15.0";
			developmentRegion = en;
			hasScannedForEncodings = 0;
			knownRegions = (
				en,
				Base,
			);
			mainGroup = 45A69F932CFA356700C2C083;
			minimizedProjectReferenceProxies = 1;
			packageReferences = (
				45FD9E662CFAAF0500364FCD /* XCRemoteSwiftPackageReference "FSCalendar" */,
			);
			productRefGroup = 45A69F9D2CFA356700C2C083 /* Products */;
			projectDirPath = "";
			projectRoot = "";
			targets = (
				45A69F9B2CFA356700C2C083 /* AppToDoList */,
				45A69FB12CFA356900C2C083 /* AppToDoListTests */,
				45A69FBB2CFA356900C2C083 /* AppToDoListUITests */,
			);
		};
/* End PBXProject section */

/* Begin PBXResourcesBuildPhase section */
		45A69F9A2CFA356700C2C083 /* Resources */ = {
			isa = PBXResourcesBuildPhase;
			buildActionMask = 2147483647;
			files = (
				45A4DEA52CFAA47A00F27331 /* EmptyTableViewCell.xib in Resources */,
				45A4DEA62CFAA47A00F27331 /* InitialTasks.storyboard in Resources */,
				45A4DEA72CFAA47A00F27331 /* Assets.xcassets in Resources */,
				45A4DEA92CFAA47A00F27331 /* LaunchScreen.storyboard in Resources */,
				45A4DEAA2CFAA47A00F27331 /* Main.storyboard in Resources */,
			);
			runOnlyForDeploymentPostprocessing = 0;
		};
		45A69FB02CFA356900C2C083 /* Resources */ = {
			isa = PBXResourcesBuildPhase;
			buildActionMask = 2147483647;
			files = (
			);
			runOnlyForDeploymentPostprocessing = 0;
		};
		45A69FBA2CFA356900C2C083 /* Resources */ = {
			isa = PBXResourcesBuildPhase;
			buildActionMask = 2147483647;
			files = (
			);
			runOnlyForDeploymentPostprocessing = 0;
		};
/* End PBXResourcesBuildPhase section */

/* Begin PBXSourcesBuildPhase section */
		45A69F982CFA356700C2C083 /* Sources */ = {
			isa = PBXSourcesBuildPhase;
			buildActionMask = 2147483647;
			files = (
				45A4DEAB2CFAA47A00F27331 /* ListTaskController.swift in Sources */,
				45A4DEAC2CFAA47A00F27331 /* LoginController.swift in Sources */,
				45FD9E6E2CFCBAFA00364FCD /* Task.swift in Sources */,
				45A4DEAD2CFAA47A00F27331 /* ManagerTasksController.swift in Sources */,
				45A4DEAE2CFAA47A00F27331 /* TaskTableViewCell.swift in Sources */,
				45A4DEAF2CFAA47A00F27331 /* EmptyTableViewCell.swift in Sources */,
				45A4DEB02CFAA47A00F27331 /* AppDelegate.swift in Sources */,
				45A4DEB12CFAA47A00F27331 /* SceneDelegate.swift in Sources */,
				45A4DEB22CFAA47A00F27331 /* ViewController.swift in Sources */,
			);
			runOnlyForDeploymentPostprocessing = 0;
		};
		45A69FAE2CFA356900C2C083 /* Sources */ = {
			isa = PBXSourcesBuildPhase;
			buildActionMask = 2147483647;
			files = (
				45A4DEB52CFAA47E00F27331 /* AppToDoListTests.swift in Sources */,
			);
			runOnlyForDeploymentPostprocessing = 0;
		};
		45A69FB82CFA356900C2C083 /* Sources */ = {
			isa = PBXSourcesBuildPhase;
			buildActionMask = 2147483647;
			files = (
				45A4DEB92CFAA48200F27331 /* AppToDoListUITests.swift in Sources */,
				45A4DEBA2CFAA48200F27331 /* AppToDoListUITestsLaunchTests.swift in Sources */,
			);
			runOnlyForDeploymentPostprocessing = 0;
		};
/* End PBXSourcesBuildPhase section */

/* Begin PBXTargetDependency section */
		45A69FB42CFA356900C2C083 /* PBXTargetDependency */ = {
			isa = PBXTargetDependency;
			target = 45A69F9B2CFA356700C2C083 /* AppToDoList */;
			targetProxy = 45A69FB32CFA356900C2C083 /* PBXContainerItemProxy */;
		};
		45A69FBE2CFA356900C2C083 /* PBXTargetDependency */ = {
			isa = PBXTargetDependency;
			target = 45A69F9B2CFA356700C2C083 /* AppToDoList */;
			targetProxy = 45A69FBD2CFA356900C2C083 /* PBXContainerItemProxy */;
		};
/* End PBXTargetDependency section */

/* Begin PBXVariantGroup section */
		45A4DE9F2CFAA47A00F27331 /* LaunchScreen.storyboard */ = {
			isa = PBXVariantGroup;
			children = (
				45A4DE9E2CFAA47A00F27331 /* Base */,
			);
			name = LaunchScreen.storyboard;
			sourceTree = "<group>";
		};
		45A4DEA12CFAA47A00F27331 /* Main.storyboard */ = {
			isa = PBXVariantGroup;
			children = (
				45A4DEA02CFAA47A00F27331 /* Base */,
			);
			name = Main.storyboard;
			sourceTree = "<group>";
		};
/* End PBXVariantGroup section */

/* Begin XCBuildConfiguration section */
		45A69FC62CFA356900C2C083 /* Debug */ = {
			isa = XCBuildConfiguration;
			buildSettings = {
				ASSETCATALOG_COMPILER_APPICON_NAME = AppIcon;
				ASSETCATALOG_COMPILER_GLOBAL_ACCENT_COLOR_NAME = AccentColor;
				CODE_SIGN_STYLE = Automatic;
				CURRENT_PROJECT_VERSION = 1;
				DEVELOPMENT_TEAM = CZM8PU3P9W;
				GENERATE_INFOPLIST_FILE = YES;
				INFOPLIST_FILE = AppToDoList/Info.plist;
				INFOPLIST_KEY_UIApplicationSupportsIndirectInputEvents = YES;
				INFOPLIST_KEY_UILaunchStoryboardName = LaunchScreen;
				INFOPLIST_KEY_UIMainStoryboardFile = Main;
				INFOPLIST_KEY_UISupportedInterfaceOrientations = UIInterfaceOrientationPortrait;
				INFOPLIST_KEY_UISupportedInterfaceOrientations_iPad = "UIInterfaceOrientationLandscapeLeft UIInterfaceOrientationLandscapeRight UIInterfaceOrientationPortrait UIInterfaceOrientationPortraitUpsideDown";
				IPHONEOS_DEPLOYMENT_TARGET = 15.6;
				LD_RUNPATH_SEARCH_PATHS = (
					"$(inherited)",
					"@executable_path/Frameworks",
				);
				MARKETING_VERSION = 1.0;
				PRODUCT_BUNDLE_IDENTIFIER = br.com.limasgeovane.AppToDoList;
				PRODUCT_NAME = "$(TARGET_NAME)";
				SUPPORTED_PLATFORMS = "iphoneos iphonesimulator";
				SUPPORTS_MACCATALYST = NO;
				SUPPORTS_MAC_DESIGNED_FOR_IPHONE_IPAD = NO;
				SUPPORTS_XR_DESIGNED_FOR_IPHONE_IPAD = NO;
				SWIFT_EMIT_LOC_STRINGS = YES;
				SWIFT_VERSION = 5.0;
				TARGETED_DEVICE_FAMILY = 1;
			};
			name = Debug;
		};
		45A69FC72CFA356900C2C083 /* Release */ = {
			isa = XCBuildConfiguration;
			buildSettings = {
				ASSETCATALOG_COMPILER_APPICON_NAME = AppIcon;
				ASSETCATALOG_COMPILER_GLOBAL_ACCENT_COLOR_NAME = AccentColor;
				CODE_SIGN_STYLE = Automatic;
				CURRENT_PROJECT_VERSION = 1;
				DEVELOPMENT_TEAM = CZM8PU3P9W;
				GENERATE_INFOPLIST_FILE = YES;
				INFOPLIST_FILE = AppToDoList/Info.plist;
				INFOPLIST_KEY_UIApplicationSupportsIndirectInputEvents = YES;
				INFOPLIST_KEY_UILaunchStoryboardName = LaunchScreen;
				INFOPLIST_KEY_UIMainStoryboardFile = Main;
				INFOPLIST_KEY_UISupportedInterfaceOrientations = UIInterfaceOrientationPortrait;
				INFOPLIST_KEY_UISupportedInterfaceOrientations_iPad = "UIInterfaceOrientationLandscapeLeft UIInterfaceOrientationLandscapeRight UIInterfaceOrientationPortrait UIInterfaceOrientationPortraitUpsideDown";
				IPHONEOS_DEPLOYMENT_TARGET = 15.6;
				LD_RUNPATH_SEARCH_PATHS = (
					"$(inherited)",
					"@executable_path/Frameworks",
				);
				MARKETING_VERSION = 1.0;
				PRODUCT_BUNDLE_IDENTIFIER = br.com.limasgeovane.AppToDoList;
				PRODUCT_NAME = "$(TARGET_NAME)";
				SUPPORTED_PLATFORMS = "iphoneos iphonesimulator";
				SUPPORTS_MACCATALYST = NO;
				SUPPORTS_MAC_DESIGNED_FOR_IPHONE_IPAD = NO;
				SUPPORTS_XR_DESIGNED_FOR_IPHONE_IPAD = NO;
				SWIFT_EMIT_LOC_STRINGS = YES;
				SWIFT_VERSION = 5.0;
				TARGETED_DEVICE_FAMILY = 1;
			};
			name = Release;
		};
		45A69FC82CFA356900C2C083 /* Debug */ = {
			isa = XCBuildConfiguration;
			buildSettings = {
				ALWAYS_SEARCH_USER_PATHS = NO;
				ASSETCATALOG_COMPILER_GENERATE_SWIFT_ASSET_SYMBOL_EXTENSIONS = YES;
				CLANG_ANALYZER_NONNULL = YES;
				CLANG_ANALYZER_NUMBER_OBJECT_CONVERSION = YES_AGGRESSIVE;
				CLANG_CXX_LANGUAGE_STANDARD = "gnu++20";
				CLANG_ENABLE_MODULES = YES;
				CLANG_ENABLE_OBJC_ARC = YES;
				CLANG_ENABLE_OBJC_WEAK = YES;
				CLANG_WARN_BLOCK_CAPTURE_AUTORELEASING = YES;
				CLANG_WARN_BOOL_CONVERSION = YES;
				CLANG_WARN_COMMA = YES;
				CLANG_WARN_CONSTANT_CONVERSION = YES;
				CLANG_WARN_DEPRECATED_OBJC_IMPLEMENTATIONS = YES;
				CLANG_WARN_DIRECT_OBJC_ISA_USAGE = YES_ERROR;
				CLANG_WARN_DOCUMENTATION_COMMENTS = YES;
				CLANG_WARN_EMPTY_BODY = YES;
				CLANG_WARN_ENUM_CONVERSION = YES;
				CLANG_WARN_INFINITE_RECURSION = YES;
				CLANG_WARN_INT_CONVERSION = YES;
				CLANG_WARN_NON_LITERAL_NULL_CONVERSION = YES;
				CLANG_WARN_OBJC_IMPLICIT_RETAIN_SELF = YES;
				CLANG_WARN_OBJC_LITERAL_CONVERSION = YES;
				CLANG_WARN_OBJC_ROOT_CLASS = YES_ERROR;
				CLANG_WARN_QUOTED_INCLUDE_IN_FRAMEWORK_HEADER = YES;
				CLANG_WARN_RANGE_LOOP_ANALYSIS = YES;
				CLANG_WARN_STRICT_PROTOTYPES = YES;
				CLANG_WARN_SUSPICIOUS_MOVE = YES;
				CLANG_WARN_UNGUARDED_AVAILABILITY = YES_AGGRESSIVE;
				CLANG_WARN_UNREACHABLE_CODE = YES;
				CLANG_WARN__DUPLICATE_METHOD_MATCH = YES;
				COPY_PHASE_STRIP = NO;
				DEBUG_INFORMATION_FORMAT = dwarf;
				ENABLE_STRICT_OBJC_MSGSEND = YES;
				ENABLE_TESTABILITY = YES;
				ENABLE_USER_SCRIPT_SANDBOXING = YES;
				GCC_C_LANGUAGE_STANDARD = gnu17;
				GCC_DYNAMIC_NO_PIC = NO;
				GCC_NO_COMMON_BLOCKS = YES;
				GCC_OPTIMIZATION_LEVEL = 0;
				GCC_PREPROCESSOR_DEFINITIONS = (
					"DEBUG=1",
					"$(inherited)",
				);
				GCC_WARN_64_TO_32_BIT_CONVERSION = YES;
				GCC_WARN_ABOUT_RETURN_TYPE = YES_ERROR;
				GCC_WARN_UNDECLARED_SELECTOR = YES;
				GCC_WARN_UNINITIALIZED_AUTOS = YES_AGGRESSIVE;
				GCC_WARN_UNUSED_FUNCTION = YES;
				GCC_WARN_UNUSED_VARIABLE = YES;
				IPHONEOS_DEPLOYMENT_TARGET = 18.0;
				LOCALIZATION_PREFERS_STRING_CATALOGS = YES;
				MTL_ENABLE_DEBUG_INFO = INCLUDE_SOURCE;
				MTL_FAST_MATH = YES;
				ONLY_ACTIVE_ARCH = YES;
				SDKROOT = iphoneos;
				SWIFT_ACTIVE_COMPILATION_CONDITIONS = "DEBUG $(inherited)";
				SWIFT_OPTIMIZATION_LEVEL = "-Onone";
			};
			name = Debug;
		};
		45A69FC92CFA356900C2C083 /* Release */ = {
			isa = XCBuildConfiguration;
			buildSettings = {
				ALWAYS_SEARCH_USER_PATHS = NO;
				ASSETCATALOG_COMPILER_GENERATE_SWIFT_ASSET_SYMBOL_EXTENSIONS = YES;
				CLANG_ANALYZER_NONNULL = YES;
				CLANG_ANALYZER_NUMBER_OBJECT_CONVERSION = YES_AGGRESSIVE;
				CLANG_CXX_LANGUAGE_STANDARD = "gnu++20";
				CLANG_ENABLE_MODULES = YES;
				CLANG_ENABLE_OBJC_ARC = YES;
				CLANG_ENABLE_OBJC_WEAK = YES;
				CLANG_WARN_BLOCK_CAPTURE_AUTORELEASING = YES;
				CLANG_WARN_BOOL_CONVERSION = YES;
				CLANG_WARN_COMMA = YES;
				CLANG_WARN_CONSTANT_CONVERSION = YES;
				CLANG_WARN_DEPRECATED_OBJC_IMPLEMENTATIONS = YES;
				CLANG_WARN_DIRECT_OBJC_ISA_USAGE = YES_ERROR;
				CLANG_WARN_DOCUMENTATION_COMMENTS = YES;
				CLANG_WARN_EMPTY_BODY = YES;
				CLANG_WARN_ENUM_CONVERSION = YES;
				CLANG_WARN_INFINITE_RECURSION = YES;
				CLANG_WARN_INT_CONVERSION = YES;
				CLANG_WARN_NON_LITERAL_NULL_CONVERSION = YES;
				CLANG_WARN_OBJC_IMPLICIT_RETAIN_SELF = YES;
				CLANG_WARN_OBJC_LITERAL_CONVERSION = YES;
				CLANG_WARN_OBJC_ROOT_CLASS = YES_ERROR;
				CLANG_WARN_QUOTED_INCLUDE_IN_FRAMEWORK_HEADER = YES;
				CLANG_WARN_RANGE_LOOP_ANALYSIS = YES;
				CLANG_WARN_STRICT_PROTOTYPES = YES;
				CLANG_WARN_SUSPICIOUS_MOVE = YES;
				CLANG_WARN_UNGUARDED_AVAILABILITY = YES_AGGRESSIVE;
				CLANG_WARN_UNREACHABLE_CODE = YES;
				CLANG_WARN__DUPLICATE_METHOD_MATCH = YES;
				COPY_PHASE_STRIP = NO;
				DEBUG_INFORMATION_FORMAT = "dwarf-with-dsym";
				ENABLE_NS_ASSERTIONS = NO;
				ENABLE_STRICT_OBJC_MSGSEND = YES;
				ENABLE_USER_SCRIPT_SANDBOXING = YES;
				GCC_C_LANGUAGE_STANDARD = gnu17;
				GCC_NO_COMMON_BLOCKS = YES;
				GCC_WARN_64_TO_32_BIT_CONVERSION = YES;
				GCC_WARN_ABOUT_RETURN_TYPE = YES_ERROR;
				GCC_WARN_UNDECLARED_SELECTOR = YES;
				GCC_WARN_UNINITIALIZED_AUTOS = YES_AGGRESSIVE;
				GCC_WARN_UNUSED_FUNCTION = YES;
				GCC_WARN_UNUSED_VARIABLE = YES;
				IPHONEOS_DEPLOYMENT_TARGET = 18.0;
				LOCALIZATION_PREFERS_STRING_CATALOGS = YES;
				MTL_ENABLE_DEBUG_INFO = NO;
				MTL_FAST_MATH = YES;
				SDKROOT = iphoneos;
				SWIFT_COMPILATION_MODE = wholemodule;
				VALIDATE_PRODUCT = YES;
			};
			name = Release;
		};
		45A69FCB2CFA356900C2C083 /* Debug */ = {
			isa = XCBuildConfiguration;
			buildSettings = {
				BUNDLE_LOADER = "$(TEST_HOST)";
				CODE_SIGN_STYLE = Automatic;
				CURRENT_PROJECT_VERSION = 1;
				DEVELOPMENT_TEAM = CZM8PU3P9W;
				GENERATE_INFOPLIST_FILE = YES;
				IPHONEOS_DEPLOYMENT_TARGET = 18.0;
				MARKETING_VERSION = 1.0;
				PRODUCT_BUNDLE_IDENTIFIER = br.com.limasgeovane.AppToDoListTests;
				PRODUCT_NAME = "$(TARGET_NAME)";
				SWIFT_EMIT_LOC_STRINGS = NO;
				SWIFT_VERSION = 5.0;
				TARGETED_DEVICE_FAMILY = "1,2";
				TEST_HOST = "$(BUILT_PRODUCTS_DIR)/AppToDoList.app/$(BUNDLE_EXECUTABLE_FOLDER_PATH)/AppToDoList";
			};
			name = Debug;
		};
		45A69FCC2CFA356900C2C083 /* Release */ = {
			isa = XCBuildConfiguration;
			buildSettings = {
				BUNDLE_LOADER = "$(TEST_HOST)";
				CODE_SIGN_STYLE = Automatic;
				CURRENT_PROJECT_VERSION = 1;
				DEVELOPMENT_TEAM = CZM8PU3P9W;
				GENERATE_INFOPLIST_FILE = YES;
				IPHONEOS_DEPLOYMENT_TARGET = 18.0;
				MARKETING_VERSION = 1.0;
				PRODUCT_BUNDLE_IDENTIFIER = br.com.limasgeovane.AppToDoListTests;
				PRODUCT_NAME = "$(TARGET_NAME)";
				SWIFT_EMIT_LOC_STRINGS = NO;
				SWIFT_VERSION = 5.0;
				TARGETED_DEVICE_FAMILY = "1,2";
				TEST_HOST = "$(BUILT_PRODUCTS_DIR)/AppToDoList.app/$(BUNDLE_EXECUTABLE_FOLDER_PATH)/AppToDoList";
			};
			name = Release;
		};
		45A69FCE2CFA356900C2C083 /* Debug */ = {
			isa = XCBuildConfiguration;
			buildSettings = {
				CODE_SIGN_STYLE = Automatic;
				CURRENT_PROJECT_VERSION = 1;
				DEVELOPMENT_TEAM = CZM8PU3P9W;
				GENERATE_INFOPLIST_FILE = YES;
				MARKETING_VERSION = 1.0;
				PRODUCT_BUNDLE_IDENTIFIER = br.com.limasgeovane.AppToDoListUITests;
				PRODUCT_NAME = "$(TARGET_NAME)";
				SWIFT_EMIT_LOC_STRINGS = NO;
				SWIFT_VERSION = 5.0;
				TARGETED_DEVICE_FAMILY = "1,2";
				TEST_TARGET_NAME = AppToDoList;
			};
			name = Debug;
		};
		45A69FCF2CFA356900C2C083 /* Release */ = {
			isa = XCBuildConfiguration;
			buildSettings = {
				CODE_SIGN_STYLE = Automatic;
				CURRENT_PROJECT_VERSION = 1;
				DEVELOPMENT_TEAM = CZM8PU3P9W;
				GENERATE_INFOPLIST_FILE = YES;
				MARKETING_VERSION = 1.0;
				PRODUCT_BUNDLE_IDENTIFIER = br.com.limasgeovane.AppToDoListUITests;
				PRODUCT_NAME = "$(TARGET_NAME)";
				SWIFT_EMIT_LOC_STRINGS = NO;
				SWIFT_VERSION = 5.0;
				TARGETED_DEVICE_FAMILY = "1,2";
				TEST_TARGET_NAME = AppToDoList;
			};
			name = Release;
		};
/* End XCBuildConfiguration section */

/* Begin XCConfigurationList section */
		45A69F972CFA356700C2C083 /* Build configuration list for PBXProject "AppToDoList" */ = {
			isa = XCConfigurationList;
			buildConfigurations = (
				45A69FC82CFA356900C2C083 /* Debug */,
				45A69FC92CFA356900C2C083 /* Release */,
			);
			defaultConfigurationIsVisible = 0;
			defaultConfigurationName = Release;
		};
		45A69FC52CFA356900C2C083 /* Build configuration list for PBXNativeTarget "AppToDoList" */ = {
			isa = XCConfigurationList;
			buildConfigurations = (
				45A69FC62CFA356900C2C083 /* Debug */,
				45A69FC72CFA356900C2C083 /* Release */,
			);
			defaultConfigurationIsVisible = 0;
			defaultConfigurationName = Release;
		};
		45A69FCA2CFA356900C2C083 /* Build configuration list for PBXNativeTarget "AppToDoListTests" */ = {
			isa = XCConfigurationList;
			buildConfigurations = (
				45A69FCB2CFA356900C2C083 /* Debug */,
				45A69FCC2CFA356900C2C083 /* Release */,
			);
			defaultConfigurationIsVisible = 0;
			defaultConfigurationName = Release;
		};
		45A69FCD2CFA356900C2C083 /* Build configuration list for PBXNativeTarget "AppToDoListUITests" */ = {
			isa = XCConfigurationList;
			buildConfigurations = (
				45A69FCE2CFA356900C2C083 /* Debug */,
				45A69FCF2CFA356900C2C083 /* Release */,
			);
			defaultConfigurationIsVisible = 0;
			defaultConfigurationName = Release;
		};
/* End XCConfigurationList section */

/* Begin XCRemoteSwiftPackageReference section */
		45FD9E662CFAAF0500364FCD /* XCRemoteSwiftPackageReference "FSCalendar" */ = {
			isa = XCRemoteSwiftPackageReference;
			repositoryURL = "https://github.com/WenchaoD/FSCalendar.git";
			requirement = {
				kind = upToNextMajorVersion;
				minimumVersion = 2.8.4;
			};
		};
/* End XCRemoteSwiftPackageReference section */

/* Begin XCSwiftPackageProductDependency section */
		45FD9E682CFAB01D00364FCD /* FSCalendar */ = {
			isa = XCSwiftPackageProductDependency;
			package = 45FD9E662CFAAF0500364FCD /* XCRemoteSwiftPackageReference "FSCalendar" */;
			productName = FSCalendar;
		};
/* End XCSwiftPackageProductDependency section */
	};
	rootObject = 45A69F942CFA356700C2C083 /* Project object */;
}
